{
  "name": "create-imagine",
  "version": "0.1.1",
  "lockfileVersion": 3,
  "requires": true,
  "packages": {
    "": {
      "name": "create-imagine",
      "version": "0.1.1",
      "license": "MIT",
      "bin": {
        "create-imagine": "bin/create-imagine.js"
      },
      "engines": {
        "node": ">=18"
      }
    }
  }
}
